schema: '2.0'
stages:
  download_data:
    cmd: python src/download_data.py
    deps:
    - path: src/download_data.py
      hash: md5
      md5: 7f262ab498f1d30525ebbf349e8598a6
      size: 991
    params:
      params.yaml:
        data.dataset_id: 40945
    outs:
    - path: data/titanic.csv
      hash: md5
      md5: 7ef03dd9175764242c0ea2901d17de0a
      size: 107022
  prepare_data:
    cmd: python src/prepare_data.py
    deps:
    - path: data/titanic.csv
      hash: md5
      md5: 7ef03dd9175764242c0ea2901d17de0a
      size: 107022
    - path: src/prepare_data.py
      hash: md5
      md5: f78743822c5bd0f96e52cddea0ce1203
      size: 2235
    params:
      params.yaml:
        prepare.random_state: 42
        prepare.test_size: 0.2
    outs:
    - path: data/test.csv
      hash: md5
      md5: 92e05dbe33d05a1af6c3a48a7353320f
      size: 8514
    - path: data/train.csv
      hash: md5
      md5: 9eb20016ce031c0fae040b85cbc5a985
      size: 33901
  train_model:
    cmd: python src/train_model.py
    deps:
    - path: data/test.csv
      hash: md5
      md5: 92e05dbe33d05a1af6c3a48a7353320f
      size: 8514
    - path: data/train.csv
      hash: md5
      md5: 9eb20016ce031c0fae040b85cbc5a985
      size: 33901
    - path: src/train_model.py
      hash: md5
      md5: 782be67baac7e02669246a352442e7d9
      size: 2532
    params:
      params.yaml:
        model.max_depth: 10
        model.n_estimators: 50
        model.random_state: 42
    outs:
    - path: metrics.json
      hash: md5
      md5: 4b7743643a58bbf64774acdfb64396d9
      size: 46
    - path: models/model.pkl
      hash: md5
      md5: 08640cabc47ccd7ee8f26de5d2424372
      size: 1038562
