schema: '2.0'
stages:
  download_data:
    cmd: python main.py download_data
    deps:
    - path: src/data_loader.py
      hash: md5
      md5: 6486be779769b90aeb18d138b80a1b5f
      size: 524
    - path: src/pipeline.py
      hash: md5
      md5: 1916e303638990a42dbb9232760d0f1c
      size: 6598
    outs:
    - path: data/raw/penguins.csv
      hash: md5
      md5: 011a4b12c613a766747a35d799bfe18f
      size: 15360
  prepare_data:
    cmd: python main.py prepare_data
    deps:
    - path: data/raw/penguins.csv
      hash: md5
      md5: 011a4b12c613a766747a35d799bfe18f
      size: 15360
    - path: src/pipeline.py
      hash: md5
      md5: 1916e303638990a42dbb9232760d0f1c
      size: 6598
    - path: src/preprocessor.py
      hash: md5
      md5: 877666660716a1a5535ae1389ab7e889
      size: 1876
    outs:
    - path: data/processed/test.csv
      hash: md5
      md5: 415557215eae7e4f49223ae2e7668bf4
      size: 3492
    - path: data/processed/train.csv
      hash: md5
      md5: e041e6daa84396f9d94e58b2d8fac19f
      size: 13492
    - path: models/encoder.pkl
      hash: md5
      md5: 80115da7a20a4f5edc2bc240ccde8165
      size: 1332
  train_model:
    cmd: python main.py train_model
    deps:
    - path: config/config.yaml
      hash: md5
      md5: 03206f8b4f96490c622f4effe91d0a6f
      size: 840
    - path: data/processed/train.csv
      hash: md5
      md5: e041e6daa84396f9d94e58b2d8fac19f
      size: 13492
    - path: src/pipeline.py
      hash: md5
      md5: 1916e303638990a42dbb9232760d0f1c
      size: 6598
    - path: src/trainer.py
      hash: md5
      md5: fae8e797d098a621c3903abbc04693a0
      size: 4531
    outs:
    - path: models/model.pkl
      hash: md5
      md5: 93a75ba6a9fa1726caf679dae3c7f9bb
      size: 345505
  evaluate_model:
    cmd: python main.py evaluate_model
    deps:
    - path: data/processed/test.csv
      hash: md5
      md5: 415557215eae7e4f49223ae2e7668bf4
      size: 3492
    - path: models/model.pkl
      hash: md5
      md5: 93a75ba6a9fa1726caf679dae3c7f9bb
      size: 345505
    - path: src/pipeline.py
      hash: md5
      md5: 1916e303638990a42dbb9232760d0f1c
      size: 6598
    outs:
    - path: metrics/metrics.json
      hash: md5
      md5: 23d0bacdc237a924c9fb5e99529b11af
      size: 53
  register_bentoml:
    cmd: python main.py register_bentoml
    deps:
    - path: models/encoder.pkl
      hash: md5
      md5: 80115da7a20a4f5edc2bc240ccde8165
      size: 1332
    - path: models/model.pkl
      hash: md5
      md5: 93a75ba6a9fa1726caf679dae3c7f9bb
      size: 345505
    - path: src/pipeline.py
      hash: md5
      md5: 1916e303638990a42dbb9232760d0f1c
      size: 6598
